
Microsoft Visual Studio Solution File, Format Version 12.00
# Visual Studio Version 16
VisualStudioVersion = 16.0.29806.167
MinimumVisualStudioVersion = 10.0.40219.1
Project("{FAE04EC0-301F-11D3-BF4B-00C04F79EFBC}") = "laba2Part1", "laba2Part1\laba2Part1.csproj", "{0022B17B-3895-40F8-BE57-32DEC2E48541}"
EndProject
Global
	GlobalSection(SolutionConfigurationPlatforms) = preSolution
		Debug|Any CPU = Debug|Any CPU
		Release|Any CPU = Release|Any CPU
	EndGlobalSection
	GlobalSection(ProjectConfigurationPlatforms) = postSolution
		{0022B17B-3895-40F8-BE57-32DEC2E48541}.Debug|Any CPU.ActiveCfg = Debug|Any CPU
		{0022B17B-3895-40F8-BE57-32DEC2E48541}.Debug|Any CPU.Build.0 = Debug|Any CPU
		{0022B17B-3895-40F8-BE57-32DEC2E48541}.Release|Any CPU.ActiveCfg = Release|Any CPU
		{0022B17B-3895-40F8-BE57-32DEC2E48541}.Release|Any CPU.Build.0 = Release|Any CPU
	EndGlobalSection
	GlobalSection(SolutionProperties) = preSolution
		HideSolutionNode = FALSE
	EndGlobalSection
	GlobalSection(ExtensibilityGlobals) = postSolution
		SolutionGuid = {EB47D695-8192-4814-9C42-B4E1BBC945A8}
	EndGlobalSection
EndGlobal
